
Microsoft Visual Studio Solution File, Format Version 12.00
# Visual Studio Version 17
VisualStudioVersion = 17.9.34616.47
MinimumVisualStudioVersion = 10.0.40219.1
Project("{9A19103F-16F7-4668-BE54-9A1E7A4F7556}") = "Neuron.TestClient", "TestClient\Neuron.TestClient.csproj", "{8148529E-8727-4C03-B866-6D46605446AD}"
EndProject
Project("{9A19103F-16F7-4668-BE54-9A1E7A4F7556}") = "Neuron.UI", "UI\Neuron.UI.csproj", "{028FB797-C202-4597-AA06-DD5C03B400E9}"
EndProject
Global
	GlobalSection(SolutionConfigurationPlatforms) = preSolution
		Debug|Any CPU = Debug|Any CPU
		Debug|x64 = Debug|x64
		Debug|x86 = Debug|x86
		Release|Any CPU = Release|Any CPU
		Release|x64 = Release|x64
		Release|x86 = Release|x86
	EndGlobalSection
	GlobalSection(ProjectConfigurationPlatforms) = postSolution
		{8148529E-8727-4C03-B866-6D46605446AD}.Debug|Any CPU.ActiveCfg = Debug|Any CPU
		{8148529E-8727-4C03-B866-6D46605446AD}.Debug|Any CPU.Build.0 = Debug|Any CPU
		{8148529E-8727-4C03-B866-6D46605446AD}.Debug|x64.ActiveCfg = Debug|Any CPU
		{8148529E-8727-4C03-B866-6D46605446AD}.Debug|x64.Build.0 = Debug|Any CPU
		{8148529E-8727-4C03-B866-6D46605446AD}.Debug|x86.ActiveCfg = Debug|Any CPU
		{8148529E-8727-4C03-B866-6D46605446AD}.Debug|x86.Build.0 = Debug|Any CPU
		{8148529E-8727-4C03-B866-6D46605446AD}.Release|Any CPU.ActiveCfg = Release|Any CPU
		{8148529E-8727-4C03-B866-6D46605446AD}.Release|Any CPU.Build.0 = Release|Any CPU
		{8148529E-8727-4C03-B866-6D46605446AD}.Release|x64.ActiveCfg = Release|Any CPU
		{8148529E-8727-4C03-B866-6D46605446AD}.Release|x64.Build.0 = Release|Any CPU
		{8148529E-8727-4C03-B866-6D46605446AD}.Release|x86.ActiveCfg = Release|Any CPU
		{8148529E-8727-4C03-B866-6D46605446AD}.Release|x86.Build.0 = Release|Any CPU
		{028FB797-C202-4597-AA06-DD5C03B400E9}.Debug|Any CPU.ActiveCfg = Debug|Any CPU
		{028FB797-C202-4597-AA06-DD5C03B400E9}.Debug|Any CPU.Build.0 = Debug|Any CPU
		{028FB797-C202-4597-AA06-DD5C03B400E9}.Debug|x64.ActiveCfg = Debug|x64
		{028FB797-C202-4597-AA06-DD5C03B400E9}.Debug|x64.Build.0 = Debug|x64
		{028FB797-C202-4597-AA06-DD5C03B400E9}.Debug|x86.ActiveCfg = Debug|x86
		{028FB797-C202-4597-AA06-DD5C03B400E9}.Debug|x86.Build.0 = Debug|x86
		{028FB797-C202-4597-AA06-DD5C03B400E9}.Release|Any CPU.ActiveCfg = Release|Any CPU
		{028FB797-C202-4597-AA06-DD5C03B400E9}.Release|Any CPU.Build.0 = Release|Any CPU
		{028FB797-C202-4597-AA06-DD5C03B400E9}.Release|x64.ActiveCfg = Release|x64
		{028FB797-C202-4597-AA06-DD5C03B400E9}.Release|x64.Build.0 = Release|x64
		{028FB797-C202-4597-AA06-DD5C03B400E9}.Release|x86.ActiveCfg = Release|x86
		{028FB797-C202-4597-AA06-DD5C03B400E9}.Release|x86.Build.0 = Release|x86
	EndGlobalSection
	GlobalSection(SolutionProperties) = preSolution
		HideSolutionNode = FALSE
	EndGlobalSection
	GlobalSection(ExtensibilityGlobals) = postSolution
		SolutionGuid = {208BDC42-6BFA-4D26-AF54-3667CD6DDBE9}
	EndGlobalSection
EndGlobal
